Microsoft Visual Studio Solution File, Format Version 12.00
# Visual Studio Version 17
VisualStudioVersion = 17.5.2.0
MinimumVisualStudioVersion = 10.0.40219.1
Project("{FAE04EC0-301F-11D3-BF4B-00C04F79EFBC}") = "TrackMyAssets_API", "TrackMyAssets_API.csproj", "{40EBB528-C763-393E-DA14-405FF570E744}"
EndProject
Global
	GlobalSection(SolutionConfigurationPlatforms) = preSolution
		Debug|Any CPU = Debug|Any CPU
		Release|Any CPU = Release|Any CPU
	EndGlobalSection
	GlobalSection(ProjectConfigurationPlatforms) = postSolution
		{40EBB528-C763-393E-DA14-405FF570E744}.Debug|Any CPU.ActiveCfg = Debug|Any CPU
		{40EBB528-C763-393E-DA14-405FF570E744}.Debug|Any CPU.Build.0 = Debug|Any CPU
		{40EBB528-C763-393E-DA14-405FF570E744}.Release|Any CPU.ActiveCfg = Release|Any CPU
		{40EBB528-C763-393E-DA14-405FF570E744}.Release|Any CPU.Build.0 = Release|Any CPU
	EndGlobalSection
	GlobalSection(SolutionProperties) = preSolution
		HideSolutionNode = FALSE
	EndGlobalSection
	GlobalSection(ExtensibilityGlobals) = postSolution
		SolutionGuid = {25D52E15-38CA-4B79-A1E7-8B10DA728583}
	EndGlobalSection
EndGlobal
